
Microsoft Visual Studio Solution File, Format Version 12.00
# Visual Studio Version 17
VisualStudioVersion = 17.3.32929.385
MinimumVisualStudioVersion = 10.0.40219.1
Project("{9A19103F-16F7-4668-BE54-9A1E7A4F7556}") = "TeamCity", "TeamCity.csproj", "{7E24E2AE-63C0-40B9-B117-32C8AFEA5886}"
EndProject
Project("{FAE04EC0-301F-11D3-BF4B-00C04F79EFBC}") = "TestProject1", "..\TestProject1\TestProject1.csproj", "{0B4A296E-CB68-4214-8666-1B796E9EBDE2}"
EndProject
Global
	GlobalSection(SolutionConfigurationPlatforms) = preSolution
		Debug|Any CPU = Debug|Any CPU
		Release|Any CPU = Release|Any CPU
	EndGlobalSection
	GlobalSection(ProjectConfigurationPlatforms) = postSolution
		{7E24E2AE-63C0-40B9-B117-32C8AFEA5886}.Debug|Any CPU.ActiveCfg = Debug|Any CPU
		{7E24E2AE-63C0-40B9-B117-32C8AFEA5886}.Debug|Any CPU.Build.0 = Debug|Any CPU
		{7E24E2AE-63C0-40B9-B117-32C8AFEA5886}.Release|Any CPU.ActiveCfg = Release|Any CPU
		{7E24E2AE-63C0-40B9-B117-32C8AFEA5886}.Release|Any CPU.Build.0 = Release|Any CPU
		{0B4A296E-CB68-4214-8666-1B796E9EBDE2}.Debug|Any CPU.ActiveCfg = Debug|Any CPU
		{0B4A296E-CB68-4214-8666-1B796E9EBDE2}.Debug|Any CPU.Build.0 = Debug|Any CPU
		{0B4A296E-CB68-4214-8666-1B796E9EBDE2}.Release|Any CPU.ActiveCfg = Release|Any CPU
		{0B4A296E-CB68-4214-8666-1B796E9EBDE2}.Release|Any CPU.Build.0 = Release|Any CPU
	EndGlobalSection
	GlobalSection(SolutionProperties) = preSolution
		HideSolutionNode = FALSE
	EndGlobalSection
	GlobalSection(ExtensibilityGlobals) = postSolution
		SolutionGuid = {8C63A32F-022A-4FB8-B006-2D8A4272A000}
	EndGlobalSection
EndGlobal
